
Microsoft Visual Studio Solution File, Format Version 12.00
# Visual Studio 15
VisualStudioVersion = 15.0.28307.572
MinimumVisualStudioVersion = 10.0.40219.1
Project("{FAE04EC0-301F-11D3-BF4B-00C04F79EFBC}") = "ConsoleApp_DotNet_MongoDB", "ConsoleApp_DotNet_MongoDB\ConsoleApp_DotNet_MongoDB.csproj", "{189C487F-5C2C-4086-A676-651390EEC26D}"
EndProject
Global
	GlobalSection(SolutionConfigurationPlatforms) = preSolution
		Debug|Any CPU = Debug|Any CPU
		Release|Any CPU = Release|Any CPU
	EndGlobalSection
	GlobalSection(ProjectConfigurationPlatforms) = postSolution
		{189C487F-5C2C-4086-A676-651390EEC26D}.Debug|Any CPU.ActiveCfg = Debug|Any CPU
		{189C487F-5C2C-4086-A676-651390EEC26D}.Debug|Any CPU.Build.0 = Debug|Any CPU
		{189C487F-5C2C-4086-A676-651390EEC26D}.Release|Any CPU.ActiveCfg = Release|Any CPU
		{189C487F-5C2C-4086-A676-651390EEC26D}.Release|Any CPU.Build.0 = Release|Any CPU
	EndGlobalSection
	GlobalSection(SolutionProperties) = preSolution
		HideSolutionNode = FALSE
	EndGlobalSection
	GlobalSection(ExtensibilityGlobals) = postSolution
		SolutionGuid = {5347E647-C5B1-40A1-B976-CA77C53C3ADE}
	EndGlobalSection
EndGlobal
